
Microsoft Visual Studio Solution File, Format Version 12.00
# Visual Studio Version 17
VisualStudioVersion = 17.5.33530.505
MinimumVisualStudioVersion = 10.0.40219.1
Project("{9A19103F-16F7-4668-BE54-9A1E7A4F7556}") = "grpcserver", "grpcserver.csproj", "{7AB5DE5B-FD87-4E44-B47E-7421E868F640}"
EndProject
Global
	GlobalSection(SolutionConfigurationPlatforms) = preSolution
		Debug|Any CPU = Debug|Any CPU
		Release|Any CPU = Release|Any CPU
	EndGlobalSection
	GlobalSection(ProjectConfigurationPlatforms) = postSolution
		{7AB5DE5B-FD87-4E44-B47E-7421E868F640}.Debug|Any CPU.ActiveCfg = Debug|Any CPU
		{7AB5DE5B-FD87-4E44-B47E-7421E868F640}.Debug|Any CPU.Build.0 = Debug|Any CPU
		{7AB5DE5B-FD87-4E44-B47E-7421E868F640}.Release|Any CPU.ActiveCfg = Release|Any CPU
		{7AB5DE5B-FD87-4E44-B47E-7421E868F640}.Release|Any CPU.Build.0 = Release|Any CPU
	EndGlobalSection
	GlobalSection(SolutionProperties) = preSolution
		HideSolutionNode = FALSE
	EndGlobalSection
	GlobalSection(ExtensibilityGlobals) = postSolution
		SolutionGuid = {D34F4B03-4C00-4EA3-8C87-30213B0FCF09}
	EndGlobalSection
EndGlobal
